
Microsoft Visual Studio Solution File, Format Version 12.00
# Visual Studio 15
VisualStudioVersion = 15.0.28307.489
MinimumVisualStudioVersion = 10.0.40219.1
Project("{FAE04EC0-301F-11D3-BF4B-00C04F79EFBC}") = "Duck_Strategy", "ClassLibrary1\Duck_Strategy.csproj", "{770DBD9D-F103-4A0F-8474-BAEA92043339}"
EndProject
Project("{FAE04EC0-301F-11D3-BF4B-00C04F79EFBC}") = "Duck_Decorator", "Duck_Decorator\Duck_Decorator.csproj", "{3BAA451C-414C-49FF-9A6B-AEF1FA58F462}"
EndProject
Global
	GlobalSection(SolutionConfigurationPlatforms) = preSolution
		Debug|Any CPU = Debug|Any CPU
		Release|Any CPU = Release|Any CPU
	EndGlobalSection
	GlobalSection(ProjectConfigurationPlatforms) = postSolution
		{770DBD9D-F103-4A0F-8474-BAEA92043339}.Debug|Any CPU.ActiveCfg = Debug|Any CPU
		{770DBD9D-F103-4A0F-8474-BAEA92043339}.Debug|Any CPU.Build.0 = Debug|Any CPU
		{770DBD9D-F103-4A0F-8474-BAEA92043339}.Release|Any CPU.ActiveCfg = Release|Any CPU
		{770DBD9D-F103-4A0F-8474-BAEA92043339}.Release|Any CPU.Build.0 = Release|Any CPU
		{3BAA451C-414C-49FF-9A6B-AEF1FA58F462}.Debug|Any CPU.ActiveCfg = Debug|Any CPU
		{3BAA451C-414C-49FF-9A6B-AEF1FA58F462}.Debug|Any CPU.Build.0 = Debug|Any CPU
		{3BAA451C-414C-49FF-9A6B-AEF1FA58F462}.Release|Any CPU.ActiveCfg = Release|Any CPU
		{3BAA451C-414C-49FF-9A6B-AEF1FA58F462}.Release|Any CPU.Build.0 = Release|Any CPU
	EndGlobalSection
	GlobalSection(SolutionProperties) = preSolution
		HideSolutionNode = FALSE
	EndGlobalSection
	GlobalSection(ExtensibilityGlobals) = postSolution
		SolutionGuid = {DE314B47-32AE-4385-AB16-6FABC3C1A378}
	EndGlobalSection
EndGlobal
